
Microsoft Visual Studio Solution File, Format Version 12.00
# Visual Studio Version 17
VisualStudioVersion = 17.9.34902.65
MinimumVisualStudioVersion = 10.0.40219.1
Project("{FAE04EC0-301F-11D3-BF4B-00C04F79EFBC}") = "DelegateExample", "DelegateExample\DelegateExample.csproj", "{B2756435-D461-4A8A-80AC-C7270E1243FB}"
EndProject
Global
	GlobalSection(SolutionConfigurationPlatforms) = preSolution
		Debug|Any CPU = Debug|Any CPU
		Release|Any CPU = Release|Any CPU
	EndGlobalSection
	GlobalSection(ProjectConfigurationPlatforms) = postSolution
		{B2756435-D461-4A8A-80AC-C7270E1243FB}.Debug|Any CPU.ActiveCfg = Debug|Any CPU
		{B2756435-D461-4A8A-80AC-C7270E1243FB}.Debug|Any CPU.Build.0 = Debug|Any CPU
		{B2756435-D461-4A8A-80AC-C7270E1243FB}.Release|Any CPU.ActiveCfg = Release|Any CPU
		{B2756435-D461-4A8A-80AC-C7270E1243FB}.Release|Any CPU.Build.0 = Release|Any CPU
	EndGlobalSection
	GlobalSection(SolutionProperties) = preSolution
		HideSolutionNode = FALSE
	EndGlobalSection
	GlobalSection(ExtensibilityGlobals) = postSolution
		SolutionGuid = {41B6CAD9-6AD6-4CBD-A040-D60AE395E557}
	EndGlobalSection
EndGlobal
