
Microsoft Visual Studio Solution File, Format Version 12.00
# Visual Studio Version 17
VisualStudioVersion = 17.9.34902.65
MinimumVisualStudioVersion = 10.0.40219.1
Project("{FAE04EC0-301F-11D3-BF4B-00C04F79EFBC}") = "EncapsulationExample", "EncapsulationExample\EncapsulationExample.csproj", "{C034AC18-15F3-4805-8159-FD0BA109E91E}"
EndProject
Global
	GlobalSection(SolutionConfigurationPlatforms) = preSolution
		Debug|Any CPU = Debug|Any CPU
		Release|Any CPU = Release|Any CPU
	EndGlobalSection
	GlobalSection(ProjectConfigurationPlatforms) = postSolution
		{C034AC18-15F3-4805-8159-FD0BA109E91E}.Debug|Any CPU.ActiveCfg = Debug|Any CPU
		{C034AC18-15F3-4805-8159-FD0BA109E91E}.Debug|Any CPU.Build.0 = Debug|Any CPU
		{C034AC18-15F3-4805-8159-FD0BA109E91E}.Release|Any CPU.ActiveCfg = Release|Any CPU
		{C034AC18-15F3-4805-8159-FD0BA109E91E}.Release|Any CPU.Build.0 = Release|Any CPU
	EndGlobalSection
	GlobalSection(SolutionProperties) = preSolution
		HideSolutionNode = FALSE
	EndGlobalSection
	GlobalSection(ExtensibilityGlobals) = postSolution
		SolutionGuid = {0AE5B705-A2D3-4716-9DD0-4672AB17262A}
	EndGlobalSection
EndGlobal
