
Microsoft Visual Studio Solution File, Format Version 12.00
# Visual Studio Version 17
VisualStudioVersion = 17.9.34902.65
MinimumVisualStudioVersion = 10.0.40219.1
Project("{FAE04EC0-301F-11D3-BF4B-00C04F79EFBC}") = "PolymorphismExample", "PolymorphismExample\PolymorphismExample.csproj", "{D8E68F69-68AD-4392-AB75-282A4A233FD4}"
EndProject
Global
	GlobalSection(SolutionConfigurationPlatforms) = preSolution
		Debug|Any CPU = Debug|Any CPU
		Release|Any CPU = Release|Any CPU
	EndGlobalSection
	GlobalSection(ProjectConfigurationPlatforms) = postSolution
		{D8E68F69-68AD-4392-AB75-282A4A233FD4}.Debug|Any CPU.ActiveCfg = Debug|Any CPU
		{D8E68F69-68AD-4392-AB75-282A4A233FD4}.Debug|Any CPU.Build.0 = Debug|Any CPU
		{D8E68F69-68AD-4392-AB75-282A4A233FD4}.Release|Any CPU.ActiveCfg = Release|Any CPU
		{D8E68F69-68AD-4392-AB75-282A4A233FD4}.Release|Any CPU.Build.0 = Release|Any CPU
	EndGlobalSection
	GlobalSection(SolutionProperties) = preSolution
		HideSolutionNode = FALSE
	EndGlobalSection
	GlobalSection(ExtensibilityGlobals) = postSolution
		SolutionGuid = {9605AB45-17FA-491F-831E-FB894BB17B63}
	EndGlobalSection
EndGlobal
